
Microsoft Visual Studio Solution File, Format Version 12.00
# Visual Studio Version 17
VisualStudioVersion = 17.0.31903.59
MinimumVisualStudioVersion = 10.0.40219.1
Project("{2150E333-8FDC-42A3-9474-1A3956D46DE8}") = "src", "src", "{827E0CD3-B72D-47B6-A68D-7590B98EB39B}"
EndProject
Project("{2150E333-8FDC-42A3-9474-1A3956D46DE8}") = "tests", "tests", "{0AB3BF05-4346-4AA6-1389-037BE0695223}"
EndProject
Project("{FAE04EC0-301F-11D3-BF4B-00C04F79EFBC}") = "OrderFlow.IntegrationTests", "tests\OrderFlow.IntegrationTests\OrderFlow.IntegrationTests.csproj", "{4186565E-0BEC-47DC-A613-5E1560CF9E86}"
EndProject
Project("{FAE04EC0-301F-11D3-BF4B-00C04F79EFBC}") = "OrderFlow.Contracts", "src\OrderFlow.Contracts\OrderFlow.Contracts.csproj", "{D9802DE0-2623-43C3-AD21-E7977DE91A9A}"
EndProject
Project("{FAE04EC0-301F-11D3-BF4B-00C04F79EFBC}") = "OrderFlow.Order.Domain", "src\OrderFlow.Order.Domain\OrderFlow.Order.Domain.csproj", "{A620C1A4-A45D-4BF4-A63F-CC56A349BAAD}"
EndProject
Project("{FAE04EC0-301F-11D3-BF4B-00C04F79EFBC}") = "OrderFlow.Order.Application", "src\OrderFlow.Order.Application\OrderFlow.Order.Application.csproj", "{BA612491-96EC-4996-8932-3DFD332C8E5B}"
EndProject
Project("{FAE04EC0-301F-11D3-BF4B-00C04F79EFBC}") = "OrderFlow.Order.Infrastructure", "src\OrderFlow.Order.Infrastructure\OrderFlow.Order.Infrastructure.csproj", "{F1FCBFB8-9DA6-478A-BF86-FA32B34D5723}"
EndProject
Project("{FAE04EC0-301F-11D3-BF4B-00C04F79EFBC}") = "OrderFlow.Order.Api", "src\OrderFlow.Order.Api\OrderFlow.Order.Api.csproj", "{F180E77E-E4B2-48B6-ABB8-404585E729F8}"
EndProject
Project("{FAE04EC0-301F-11D3-BF4B-00C04F79EFBC}") = "OrderFlow.Inventory.Domain", "src\OrderFlow.Inventory.Domain\OrderFlow.Inventory.Domain.csproj", "{53A8EA62-2FC8-4276-80C1-F3AF1FCD6D5D}"
EndProject
Project("{FAE04EC0-301F-11D3-BF4B-00C04F79EFBC}") = "OrderFlow.Inventory.Application", "src\OrderFlow.Inventory.Application\OrderFlow.Inventory.Application.csproj", "{AF6729ED-65E3-4E92-BCDD-99957228553D}"
EndProject
Project("{FAE04EC0-301F-11D3-BF4B-00C04F79EFBC}") = "OrderFlow.Inventory.Infrastructure", "src\OrderFlow.Inventory.Infrastructure\OrderFlow.Inventory.Infrastructure.csproj", "{F98D94F2-DDEA-458A-B273-7D9B69E464DD}"
EndProject
Project("{FAE04EC0-301F-11D3-BF4B-00C04F79EFBC}") = "OrderFlow.Inventory.Worker", "src\OrderFlow.Inventory.Worker\OrderFlow.Inventory.Worker.csproj", "{1086515C-3139-46F5-9AD8-CF31B608F3F3}"
EndProject
Project("{FAE04EC0-301F-11D3-BF4B-00C04F79EFBC}") = "OrderFlow.Payment.Domain", "src\OrderFlow.Payment.Domain\OrderFlow.Payment.Domain.csproj", "{C4E269D2-5B80-49A7-9A92-870022E16D3C}"
EndProject
Project("{FAE04EC0-301F-11D3-BF4B-00C04F79EFBC}") = "OrderFlow.Payment.Application", "src\OrderFlow.Payment.Application\OrderFlow.Payment.Application.csproj", "{F1EEBD8C-6D28-455F-BAA0-B14A117BD680}"
EndProject
Project("{FAE04EC0-301F-11D3-BF4B-00C04F79EFBC}") = "OrderFlow.Payment.Infrastructure", "src\OrderFlow.Payment.Infrastructure\OrderFlow.Payment.Infrastructure.csproj", "{F40E14B6-4999-4F6E-AAC8-F11AFD67F4FF}"
EndProject
Project("{FAE04EC0-301F-11D3-BF4B-00C04F79EFBC}") = "OrderFlow.Payment.Worker", "src\OrderFlow.Payment.Worker\OrderFlow.Payment.Worker.csproj", "{7630BF2F-C309-417F-ACDA-A5FE682677FB}"
EndProject
Project("{FAE04EC0-301F-11D3-BF4B-00C04F79EFBC}") = "OrderFlow.Order.Domain.Tests", "tests\OrderFlow.Order.Domain.Tests\OrderFlow.Order.Domain.Tests.csproj", "{579A0EA0-DF40-4A18-8FC0-2EB31E5AC5C2}"
EndProject
Project("{FAE04EC0-301F-11D3-BF4B-00C04F79EFBC}") = "OrderFlow.Order.Infrastructure.Tests", "tests\OrderFlow.Order.Infrastructure.Tests\OrderFlow.Order.Infrastructure.Tests.csproj", "{7B1D7ADA-2AFC-403D-B814-B7F7D131EA0C}"
EndProject
Project("{FAE04EC0-301F-11D3-BF4B-00C04F79EFBC}") = "OrderFlow.Inventory.Domain.Tests", "tests\OrderFlow.Inventory.Domain.Tests\OrderFlow.Inventory.Domain.Tests.csproj", "{852FDF0F-EAE9-4EFB-AD1B-991EC4E28148}"
EndProject
Project("{FAE04EC0-301F-11D3-BF4B-00C04F79EFBC}") = "OrderFlow.Inventory.Infrastructure.Tests", "tests\OrderFlow.Inventory.Infrastructure.Tests\OrderFlow.Inventory.Infrastructure.Tests.csproj", "{4FA1A044-A685-40F6-B185-CF1A50792BF7}"
EndProject
Project("{FAE04EC0-301F-11D3-BF4B-00C04F79EFBC}") = "OrderFlow.Payment.Domain.Tests", "tests\OrderFlow.Payment.Domain.Tests\OrderFlow.Payment.Domain.Tests.csproj", "{99F3B8A0-8D3D-41D9-BDDE-97E774F9D8E5}"
EndProject
Project("{FAE04EC0-301F-11D3-BF4B-00C04F79EFBC}") = "OrderFlow.Payment.Infrastructure.Tests", "tests\OrderFlow.Payment.Infrastructure.Tests\OrderFlow.Payment.Infrastructure.Tests.csproj", "{EC69B822-D0F3-4028-BC29-9299A90241C9}"
EndProject
Global
	GlobalSection(SolutionConfigurationPlatforms) = preSolution
		Debug|Any CPU = Debug|Any CPU
		Debug|x64 = Debug|x64
		Debug|x86 = Debug|x86
		Release|Any CPU = Release|Any CPU
		Release|x64 = Release|x64
		Release|x86 = Release|x86
	EndGlobalSection
	GlobalSection(ProjectConfigurationPlatforms) = postSolution
		{4186565E-0BEC-47DC-A613-5E1560CF9E86}.Debug|Any CPU.ActiveCfg = Debug|Any CPU
		{4186565E-0BEC-47DC-A613-5E1560CF9E86}.Debug|Any CPU.Build.0 = Debug|Any CPU
		{4186565E-0BEC-47DC-A613-5E1560CF9E86}.Debug|x64.ActiveCfg = Debug|Any CPU
		{4186565E-0BEC-47DC-A613-5E1560CF9E86}.Debug|x64.Build.0 = Debug|Any CPU
		{4186565E-0BEC-47DC-A613-5E1560CF9E86}.Debug|x86.ActiveCfg = Debug|Any CPU
		{4186565E-0BEC-47DC-A613-5E1560CF9E86}.Debug|x86.Build.0 = Debug|Any CPU
		{4186565E-0BEC-47DC-A613-5E1560CF9E86}.Release|Any CPU.ActiveCfg = Release|Any CPU
		{4186565E-0BEC-47DC-A613-5E1560CF9E86}.Release|Any CPU.Build.0 = Release|Any CPU
		{4186565E-0BEC-47DC-A613-5E1560CF9E86}.Release|x64.ActiveCfg = Release|Any CPU
		{4186565E-0BEC-47DC-A613-5E1560CF9E86}.Release|x64.Build.0 = Release|Any CPU
		{4186565E-0BEC-47DC-A613-5E1560CF9E86}.Release|x86.ActiveCfg = Release|Any CPU
		{4186565E-0BEC-47DC-A613-5E1560CF9E86}.Release|x86.Build.0 = Release|Any CPU
		{D9802DE0-2623-43C3-AD21-E7977DE91A9A}.Debug|Any CPU.ActiveCfg = Debug|Any CPU
		{D9802DE0-2623-43C3-AD21-E7977DE91A9A}.Debug|Any CPU.Build.0 = Debug|Any CPU
		{D9802DE0-2623-43C3-AD21-E7977DE91A9A}.Debug|x64.ActiveCfg = Debug|Any CPU
		{D9802DE0-2623-43C3-AD21-E7977DE91A9A}.Debug|x64.Build.0 = Debug|Any CPU
		{D9802DE0-2623-43C3-AD21-E7977DE91A9A}.Debug|x86.ActiveCfg = Debug|Any CPU
		{D9802DE0-2623-43C3-AD21-E7977DE91A9A}.Debug|x86.Build.0 = Debug|Any CPU
		{D9802DE0-2623-43C3-AD21-E7977DE91A9A}.Release|Any CPU.ActiveCfg = Release|Any CPU
		{D9802DE0-2623-43C3-AD21-E7977DE91A9A}.Release|Any CPU.Build.0 = Release|Any CPU
		{D9802DE0-2623-43C3-AD21-E7977DE91A9A}.Release|x64.ActiveCfg = Release|Any CPU
		{D9802DE0-2623-43C3-AD21-E7977DE91A9A}.Release|x64.Build.0 = Release|Any CPU
		{D9802DE0-2623-43C3-AD21-E7977DE91A9A}.Release|x86.ActiveCfg = Release|Any CPU
		{D9802DE0-2623-43C3-AD21-E7977DE91A9A}.Release|x86.Build.0 = Release|Any CPU
		{A620C1A4-A45D-4BF4-A63F-CC56A349BAAD}.Debug|Any CPU.ActiveCfg = Debug|Any CPU
		{A620C1A4-A45D-4BF4-A63F-CC56A349BAAD}.Debug|Any CPU.Build.0 = Debug|Any CPU
		{A620C1A4-A45D-4BF4-A63F-CC56A349BAAD}.Debug|x64.ActiveCfg = Debug|Any CPU
		{A620C1A4-A45D-4BF4-A63F-CC56A349BAAD}.Debug|x64.Build.0 = Debug|Any CPU
		{A620C1A4-A45D-4BF4-A63F-CC56A349BAAD}.Debug|x86.ActiveCfg = Debug|Any CPU
		{A620C1A4-A45D-4BF4-A63F-CC56A349BAAD}.Debug|x86.Build.0 = Debug|Any CPU
		{A620C1A4-A45D-4BF4-A63F-CC56A349BAAD}.Release|Any CPU.ActiveCfg = Release|Any CPU
		{A620C1A4-A45D-4BF4-A63F-CC56A349BAAD}.Release|Any CPU.Build.0 = Release|Any CPU
		{A620C1A4-A45D-4BF4-A63F-CC56A349BAAD}.Release|x64.ActiveCfg = Release|Any CPU
		{A620C1A4-A45D-4BF4-A63F-CC56A349BAAD}.Release|x64.Build.0 = Release|Any CPU
		{A620C1A4-A45D-4BF4-A63F-CC56A349BAAD}.Release|x86.ActiveCfg = Release|Any CPU
		{A620C1A4-A45D-4BF4-A63F-CC56A349BAAD}.Release|x86.Build.0 = Release|Any CPU
		{BA612491-96EC-4996-8932-3DFD332C8E5B}.Debug|Any CPU.ActiveCfg = Debug|Any CPU
		{BA612491-96EC-4996-8932-3DFD332C8E5B}.Debug|Any CPU.Build.0 = Debug|Any CPU
		{BA612491-96EC-4996-8932-3DFD332C8E5B}.Debug|x64.ActiveCfg = Debug|Any CPU
		{BA612491-96EC-4996-8932-3DFD332C8E5B}.Debug|x64.Build.0 = Debug|Any CPU
		{BA612491-96EC-4996-8932-3DFD332C8E5B}.Debug|x86.ActiveCfg = Debug|Any CPU
		{BA612491-96EC-4996-8932-3DFD332C8E5B}.Debug|x86.Build.0 = Debug|Any CPU
		{BA612491-96EC-4996-8932-3DFD332C8E5B}.Release|Any CPU.ActiveCfg = Release|Any CPU
		{BA612491-96EC-4996-8932-3DFD332C8E5B}.Release|Any CPU.Build.0 = Release|Any CPU
		{BA612491-96EC-4996-8932-3DFD332C8E5B}.Release|x64.ActiveCfg = Release|Any CPU
		{BA612491-96EC-4996-8932-3DFD332C8E5B}.Release|x64.Build.0 = Release|Any CPU
		{BA612491-96EC-4996-8932-3DFD332C8E5B}.Release|x86.ActiveCfg = Release|Any CPU
		{BA612491-96EC-4996-8932-3DFD332C8E5B}.Release|x86.Build.0 = Release|Any CPU
		{F1FCBFB8-9DA6-478A-BF86-FA32B34D5723}.Debug|Any CPU.ActiveCfg = Debug|Any CPU
		{F1FCBFB8-9DA6-478A-BF86-FA32B34D5723}.Debug|Any CPU.Build.0 = Debug|Any CPU
		{F1FCBFB8-9DA6-478A-BF86-FA32B34D5723}.Debug|x64.ActiveCfg = Debug|Any CPU
		{F1FCBFB8-9DA6-478A-BF86-FA32B34D5723}.Debug|x64.Build.0 = Debug|Any CPU
		{F1FCBFB8-9DA6-478A-BF86-FA32B34D5723}.Debug|x86.ActiveCfg = Debug|Any CPU
		{F1FCBFB8-9DA6-478A-BF86-FA32B34D5723}.Debug|x86.Build.0 = Debug|Any CPU
		{F1FCBFB8-9DA6-478A-BF86-FA32B34D5723}.Release|Any CPU.ActiveCfg = Release|Any CPU
		{F1FCBFB8-9DA6-478A-BF86-FA32B34D5723}.Release|Any CPU.Build.0 = Release|Any CPU
		{F1FCBFB8-9DA6-478A-BF86-FA32B34D5723}.Release|x64.ActiveCfg = Release|Any CPU
		{F1FCBFB8-9DA6-478A-BF86-FA32B34D5723}.Release|x64.Build.0 = Release|Any CPU
		{F1FCBFB8-9DA6-478A-BF86-FA32B34D5723}.Release|x86.ActiveCfg = Release|Any CPU
		{F1FCBFB8-9DA6-478A-BF86-FA32B34D5723}.Release|x86.Build.0 = Release|Any CPU
		{F180E77E-E4B2-48B6-ABB8-404585E729F8}.Debug|Any CPU.ActiveCfg = Debug|Any CPU
		{F180E77E-E4B2-48B6-ABB8-404585E729F8}.Debug|Any CPU.Build.0 = Debug|Any CPU
		{F180E77E-E4B2-48B6-ABB8-404585E729F8}.Debug|x64.ActiveCfg = Debug|Any CPU
		{F180E77E-E4B2-48B6-ABB8-404585E729F8}.Debug|x64.Build.0 = Debug|Any CPU
		{F180E77E-E4B2-48B6-ABB8-404585E729F8}.Debug|x86.ActiveCfg = Debug|Any CPU
		{F180E77E-E4B2-48B6-ABB8-404585E729F8}.Debug|x86.Build.0 = Debug|Any CPU
		{F180E77E-E4B2-48B6-ABB8-404585E729F8}.Release|Any CPU.ActiveCfg = Release|Any CPU
		{F180E77E-E4B2-48B6-ABB8-404585E729F8}.Release|Any CPU.Build.0 = Release|Any CPU
		{F180E77E-E4B2-48B6-ABB8-404585E729F8}.Release|x64.ActiveCfg = Release|Any CPU
		{F180E77E-E4B2-48B6-ABB8-404585E729F8}.Release|x64.Build.0 = Release|Any CPU
		{F180E77E-E4B2-48B6-ABB8-404585E729F8}.Release|x86.ActiveCfg = Release|Any CPU
		{F180E77E-E4B2-48B6-ABB8-404585E729F8}.Release|x86.Build.0 = Release|Any CPU
		{53A8EA62-2FC8-4276-80C1-F3AF1FCD6D5D}.Debug|Any CPU.ActiveCfg = Debug|Any CPU
		{53A8EA62-2FC8-4276-80C1-F3AF1FCD6D5D}.Debug|Any CPU.Build.0 = Debug|Any CPU
		{53A8EA62-2FC8-4276-80C1-F3AF1FCD6D5D}.Debug|x64.ActiveCfg = Debug|Any CPU
		{53A8EA62-2FC8-4276-80C1-F3AF1FCD6D5D}.Debug|x64.Build.0 = Debug|Any CPU
		{53A8EA62-2FC8-4276-80C1-F3AF1FCD6D5D}.Debug|x86.ActiveCfg = Debug|Any CPU
		{53A8EA62-2FC8-4276-80C1-F3AF1FCD6D5D}.Debug|x86.Build.0 = Debug|Any CPU
		{53A8EA62-2FC8-4276-80C1-F3AF1FCD6D5D}.Release|Any CPU.ActiveCfg = Release|Any CPU
		{53A8EA62-2FC8-4276-80C1-F3AF1FCD6D5D}.Release|Any CPU.Build.0 = Release|Any CPU
		{53A8EA62-2FC8-4276-80C1-F3AF1FCD6D5D}.Release|x64.ActiveCfg = Release|Any CPU
		{53A8EA62-2FC8-4276-80C1-F3AF1FCD6D5D}.Release|x64.Build.0 = Release|Any CPU
		{53A8EA62-2FC8-4276-80C1-F3AF1FCD6D5D}.Release|x86.ActiveCfg = Release|Any CPU
		{53A8EA62-2FC8-4276-80C1-F3AF1FCD6D5D}.Release|x86.Build.0 = Release|Any CPU
		{AF6729ED-65E3-4E92-BCDD-99957228553D}.Debug|Any CPU.ActiveCfg = Debug|Any CPU
		{AF6729ED-65E3-4E92-BCDD-99957228553D}.Debug|Any CPU.Build.0 = Debug|Any CPU
		{AF6729ED-65E3-4E92-BCDD-99957228553D}.Debug|x64.ActiveCfg = Debug|Any CPU
		{AF6729ED-65E3-4E92-BCDD-99957228553D}.Debug|x64.Build.0 = Debug|Any CPU
		{AF6729ED-65E3-4E92-BCDD-99957228553D}.Debug|x86.ActiveCfg = Debug|Any CPU
		{AF6729ED-65E3-4E92-BCDD-99957228553D}.Debug|x86.Build.0 = Debug|Any CPU
		{AF6729ED-65E3-4E92-BCDD-99957228553D}.Release|Any CPU.ActiveCfg = Release|Any CPU
		{AF6729ED-65E3-4E92-BCDD-99957228553D}.Release|Any CPU.Build.0 = Release|Any CPU
		{AF6729ED-65E3-4E92-BCDD-99957228553D}.Release|x64.ActiveCfg = Release|Any CPU
		{AF6729ED-65E3-4E92-BCDD-99957228553D}.Release|x64.Build.0 = Release|Any CPU
		{AF6729ED-65E3-4E92-BCDD-99957228553D}.Release|x86.ActiveCfg = Release|Any CPU
		{AF6729ED-65E3-4E92-BCDD-99957228553D}.Release|x86.Build.0 = Release|Any CPU
		{F98D94F2-DDEA-458A-B273-7D9B69E464DD}.Debug|Any CPU.ActiveCfg = Debug|Any CPU
		{F98D94F2-DDEA-458A-B273-7D9B69E464DD}.Debug|Any CPU.Build.0 = Debug|Any CPU
		{F98D94F2-DDEA-458A-B273-7D9B69E464DD}.Debug|x64.ActiveCfg = Debug|Any CPU
		{F98D94F2-DDEA-458A-B273-7D9B69E464DD}.Debug|x64.Build.0 = Debug|Any CPU
		{F98D94F2-DDEA-458A-B273-7D9B69E464DD}.Debug|x86.ActiveCfg = Debug|Any CPU
		{F98D94F2-DDEA-458A-B273-7D9B69E464DD}.Debug|x86.Build.0 = Debug|Any CPU
		{F98D94F2-DDEA-458A-B273-7D9B69E464DD}.Release|Any CPU.ActiveCfg = Release|Any CPU
		{F98D94F2-DDEA-458A-B273-7D9B69E464DD}.Release|Any CPU.Build.0 = Release|Any CPU
		{F98D94F2-DDEA-458A-B273-7D9B69E464DD}.Release|x64.ActiveCfg = Release|Any CPU
		{F98D94F2-DDEA-458A-B273-7D9B69E464DD}.Release|x64.Build.0 = Release|Any CPU
		{F98D94F2-DDEA-458A-B273-7D9B69E464DD}.Release|x86.ActiveCfg = Release|Any CPU
		{F98D94F2-DDEA-458A-B273-7D9B69E464DD}.Release|x86.Build.0 = Release|Any CPU
		{1086515C-3139-46F5-9AD8-CF31B608F3F3}.Debug|Any CPU.ActiveCfg = Debug|Any CPU
		{1086515C-3139-46F5-9AD8-CF31B608F3F3}.Debug|Any CPU.Build.0 = Debug|Any CPU
		{1086515C-3139-46F5-9AD8-CF31B608F3F3}.Debug|x64.ActiveCfg = Debug|Any CPU
		{1086515C-3139-46F5-9AD8-CF31B608F3F3}.Debug|x64.Build.0 = Debug|Any CPU
		{1086515C-3139-46F5-9AD8-CF31B608F3F3}.Debug|x86.ActiveCfg = Debug|Any CPU
		{1086515C-3139-46F5-9AD8-CF31B608F3F3}.Debug|x86.Build.0 = Debug|Any CPU
		{1086515C-3139-46F5-9AD8-CF31B608F3F3}.Release|Any CPU.ActiveCfg = Release|Any CPU
		{1086515C-3139-46F5-9AD8-CF31B608F3F3}.Release|Any CPU.Build.0 = Release|Any CPU
		{1086515C-3139-46F5-9AD8-CF31B608F3F3}.Release|x64.ActiveCfg = Release|Any CPU
		{1086515C-3139-46F5-9AD8-CF31B608F3F3}.Release|x64.Build.0 = Release|Any CPU
		{1086515C-3139-46F5-9AD8-CF31B608F3F3}.Release|x86.ActiveCfg = Release|Any CPU
		{1086515C-3139-46F5-9AD8-CF31B608F3F3}.Release|x86.Build.0 = Release|Any CPU
		{C4E269D2-5B80-49A7-9A92-870022E16D3C}.Debug|Any CPU.ActiveCfg = Debug|Any CPU
		{C4E269D2-5B80-49A7-9A92-870022E16D3C}.Debug|Any CPU.Build.0 = Debug|Any CPU
		{C4E269D2-5B80-49A7-9A92-870022E16D3C}.Debug|x64.ActiveCfg = Debug|Any CPU
		{C4E269D2-5B80-49A7-9A92-870022E16D3C}.Debug|x64.Build.0 = Debug|Any CPU
		{C4E269D2-5B80-49A7-9A92-870022E16D3C}.Debug|x86.ActiveCfg = Debug|Any CPU
		{C4E269D2-5B80-49A7-9A92-870022E16D3C}.Debug|x86.Build.0 = Debug|Any CPU
		{C4E269D2-5B80-49A7-9A92-870022E16D3C}.Release|Any CPU.ActiveCfg = Release|Any CPU
		{C4E269D2-5B80-49A7-9A92-870022E16D3C}.Release|Any CPU.Build.0 = Release|Any CPU
		{C4E269D2-5B80-49A7-9A92-870022E16D3C}.Release|x64.ActiveCfg = Release|Any CPU
		{C4E269D2-5B80-49A7-9A92-870022E16D3C}.Release|x64.Build.0 = Release|Any CPU
		{C4E269D2-5B80-49A7-9A92-870022E16D3C}.Release|x86.ActiveCfg = Release|Any CPU
		{C4E269D2-5B80-49A7-9A92-870022E16D3C}.Release|x86.Build.0 = Release|Any CPU
		{F1EEBD8C-6D28-455F-BAA0-B14A117BD680}.Debug|Any CPU.ActiveCfg = Debug|Any CPU
		{F1EEBD8C-6D28-455F-BAA0-B14A117BD680}.Debug|Any CPU.Build.0 = Debug|Any CPU
		{F1EEBD8C-6D28-455F-BAA0-B14A117BD680}.Debug|x64.ActiveCfg = Debug|Any CPU
		{F1EEBD8C-6D28-455F-BAA0-B14A117BD680}.Debug|x64.Build.0 = Debug|Any CPU
		{F1EEBD8C-6D28-455F-BAA0-B14A117BD680}.Debug|x86.ActiveCfg = Debug|Any CPU
		{F1EEBD8C-6D28-455F-BAA0-B14A117BD680}.Debug|x86.Build.0 = Debug|Any CPU
		{F1EEBD8C-6D28-455F-BAA0-B14A117BD680}.Release|Any CPU.ActiveCfg = Release|Any CPU
		{F1EEBD8C-6D28-455F-BAA0-B14A117BD680}.Release|Any CPU.Build.0 = Release|Any CPU
		{F1EEBD8C-6D28-455F-BAA0-B14A117BD680}.Release|x64.ActiveCfg = Release|Any CPU
		{F1EEBD8C-6D28-455F-BAA0-B14A117BD680}.Release|x64.Build.0 = Release|Any CPU
		{F1EEBD8C-6D28-455F-BAA0-B14A117BD680}.Release|x86.ActiveCfg = Release|Any CPU
		{F1EEBD8C-6D28-455F-BAA0-B14A117BD680}.Release|x86.Build.0 = Release|Any CPU
		{F40E14B6-4999-4F6E-AAC8-F11AFD67F4FF}.Debug|Any CPU.ActiveCfg = Debug|Any CPU
		{F40E14B6-4999-4F6E-AAC8-F11AFD67F4FF}.Debug|Any CPU.Build.0 = Debug|Any CPU
		{F40E14B6-4999-4F6E-AAC8-F11AFD67F4FF}.Debug|x64.ActiveCfg = Debug|Any CPU
		{F40E14B6-4999-4F6E-AAC8-F11AFD67F4FF}.Debug|x64.Build.0 = Debug|Any CPU
		{F40E14B6-4999-4F6E-AAC8-F11AFD67F4FF}.Debug|x86.ActiveCfg = Debug|Any CPU
		{F40E14B6-4999-4F6E-AAC8-F11AFD67F4FF}.Debug|x86.Build.0 = Debug|Any CPU
		{F40E14B6-4999-4F6E-AAC8-F11AFD67F4FF}.Release|Any CPU.ActiveCfg = Release|Any CPU
		{F40E14B6-4999-4F6E-AAC8-F11AFD67F4FF}.Release|Any CPU.Build.0 = Release|Any CPU
		{F40E14B6-4999-4F6E-AAC8-F11AFD67F4FF}.Release|x64.ActiveCfg = Release|Any CPU
		{F40E14B6-4999-4F6E-AAC8-F11AFD67F4FF}.Release|x64.Build.0 = Release|Any CPU
		{F40E14B6-4999-4F6E-AAC8-F11AFD67F4FF}.Release|x86.ActiveCfg = Release|Any CPU
		{F40E14B6-4999-4F6E-AAC8-F11AFD67F4FF}.Release|x86.Build.0 = Release|Any CPU
		{7630BF2F-C309-417F-ACDA-A5FE682677FB}.Debug|Any CPU.ActiveCfg = Debug|Any CPU
		{7630BF2F-C309-417F-ACDA-A5FE682677FB}.Debug|Any CPU.Build.0 = Debug|Any CPU
		{7630BF2F-C309-417F-ACDA-A5FE682677FB}.Debug|x64.ActiveCfg = Debug|Any CPU
		{7630BF2F-C309-417F-ACDA-A5FE682677FB}.Debug|x64.Build.0 = Debug|Any CPU
		{7630BF2F-C309-417F-ACDA-A5FE682677FB}.Debug|x86.ActiveCfg = Debug|Any CPU
		{7630BF2F-C309-417F-ACDA-A5FE682677FB}.Debug|x86.Build.0 = Debug|Any CPU
		{7630BF2F-C309-417F-ACDA-A5FE682677FB}.Release|Any CPU.ActiveCfg = Release|Any CPU
		{7630BF2F-C309-417F-ACDA-A5FE682677FB}.Release|Any CPU.Build.0 = Release|Any CPU
		{7630BF2F-C309-417F-ACDA-A5FE682677FB}.Release|x64.ActiveCfg = Release|Any CPU
		{7630BF2F-C309-417F-ACDA-A5FE682677FB}.Release|x64.Build.0 = Release|Any CPU
		{7630BF2F-C309-417F-ACDA-A5FE682677FB}.Release|x86.ActiveCfg = Release|Any CPU
		{7630BF2F-C309-417F-ACDA-A5FE682677FB}.Release|x86.Build.0 = Release|Any CPU
		{579A0EA0-DF40-4A18-8FC0-2EB31E5AC5C2}.Debug|Any CPU.ActiveCfg = Debug|Any CPU
		{579A0EA0-DF40-4A18-8FC0-2EB31E5AC5C2}.Debug|Any CPU.Build.0 = Debug|Any CPU
		{579A0EA0-DF40-4A18-8FC0-2EB31E5AC5C2}.Debug|x64.ActiveCfg = Debug|Any CPU
		{579A0EA0-DF40-4A18-8FC0-2EB31E5AC5C2}.Debug|x64.Build.0 = Debug|Any CPU
		{579A0EA0-DF40-4A18-8FC0-2EB31E5AC5C2}.Debug|x86.ActiveCfg = Debug|Any CPU
		{579A0EA0-DF40-4A18-8FC0-2EB31E5AC5C2}.Debug|x86.Build.0 = Debug|Any CPU
		{579A0EA0-DF40-4A18-8FC0-2EB31E5AC5C2}.Release|Any CPU.ActiveCfg = Release|Any CPU
		{579A0EA0-DF40-4A18-8FC0-2EB31E5AC5C2}.Release|Any CPU.Build.0 = Release|Any CPU
		{579A0EA0-DF40-4A18-8FC0-2EB31E5AC5C2}.Release|x64.ActiveCfg = Release|Any CPU
		{579A0EA0-DF40-4A18-8FC0-2EB31E5AC5C2}.Release|x64.Build.0 = Release|Any CPU
		{579A0EA0-DF40-4A18-8FC0-2EB31E5AC5C2}.Release|x86.ActiveCfg = Release|Any CPU
		{579A0EA0-DF40-4A18-8FC0-2EB31E5AC5C2}.Release|x86.Build.0 = Release|Any CPU
		{7B1D7ADA-2AFC-403D-B814-B7F7D131EA0C}.Debug|Any CPU.ActiveCfg = Debug|Any CPU
		{7B1D7ADA-2AFC-403D-B814-B7F7D131EA0C}.Debug|Any CPU.Build.0 = Debug|Any CPU
		{7B1D7ADA-2AFC-403D-B814-B7F7D131EA0C}.Debug|x64.ActiveCfg = Debug|Any CPU
		{7B1D7ADA-2AFC-403D-B814-B7F7D131EA0C}.Debug|x64.Build.0 = Debug|Any CPU
		{7B1D7ADA-2AFC-403D-B814-B7F7D131EA0C}.Debug|x86.ActiveCfg = Debug|Any CPU
		{7B1D7ADA-2AFC-403D-B814-B7F7D131EA0C}.Debug|x86.Build.0 = Debug|Any CPU
		{7B1D7ADA-2AFC-403D-B814-B7F7D131EA0C}.Release|Any CPU.ActiveCfg = Release|Any CPU
		{7B1D7ADA-2AFC-403D-B814-B7F7D131EA0C}.Release|Any CPU.Build.0 = Release|Any CPU
		{7B1D7ADA-2AFC-403D-B814-B7F7D131EA0C}.Release|x64.ActiveCfg = Release|Any CPU
		{7B1D7ADA-2AFC-403D-B814-B7F7D131EA0C}.Release|x64.Build.0 = Release|Any CPU
		{7B1D7ADA-2AFC-403D-B814-B7F7D131EA0C}.Release|x86.ActiveCfg = Release|Any CPU
		{7B1D7ADA-2AFC-403D-B814-B7F7D131EA0C}.Release|x86.Build.0 = Release|Any CPU
		{852FDF0F-EAE9-4EFB-AD1B-991EC4E28148}.Debug|Any CPU.ActiveCfg = Debug|Any CPU
		{852FDF0F-EAE9-4EFB-AD1B-991EC4E28148}.Debug|Any CPU.Build.0 = Debug|Any CPU
		{852FDF0F-EAE9-4EFB-AD1B-991EC4E28148}.Debug|x64.ActiveCfg = Debug|Any CPU
		{852FDF0F-EAE9-4EFB-AD1B-991EC4E28148}.Debug|x64.Build.0 = Debug|Any CPU
		{852FDF0F-EAE9-4EFB-AD1B-991EC4E28148}.Debug|x86.ActiveCfg = Debug|Any CPU
		{852FDF0F-EAE9-4EFB-AD1B-991EC4E28148}.Debug|x86.Build.0 = Debug|Any CPU
		{852FDF0F-EAE9-4EFB-AD1B-991EC4E28148}.Release|Any CPU.ActiveCfg = Release|Any CPU
		{852FDF0F-EAE9-4EFB-AD1B-991EC4E28148}.Release|Any CPU.Build.0 = Release|Any CPU
		{852FDF0F-EAE9-4EFB-AD1B-991EC4E28148}.Release|x64.ActiveCfg = Release|Any CPU
		{852FDF0F-EAE9-4EFB-AD1B-991EC4E28148}.Release|x64.Build.0 = Release|Any CPU
		{852FDF0F-EAE9-4EFB-AD1B-991EC4E28148}.Release|x86.ActiveCfg = Release|Any CPU
		{852FDF0F-EAE9-4EFB-AD1B-991EC4E28148}.Release|x86.Build.0 = Release|Any CPU
		{4FA1A044-A685-40F6-B185-CF1A50792BF7}.Debug|Any CPU.ActiveCfg = Debug|Any CPU
		{4FA1A044-A685-40F6-B185-CF1A50792BF7}.Debug|Any CPU.Build.0 = Debug|Any CPU
		{4FA1A044-A685-40F6-B185-CF1A50792BF7}.Debug|x64.ActiveCfg = Debug|Any CPU
		{4FA1A044-A685-40F6-B185-CF1A50792BF7}.Debug|x64.Build.0 = Debug|Any CPU
		{4FA1A044-A685-40F6-B185-CF1A50792BF7}.Debug|x86.ActiveCfg = Debug|Any CPU
		{4FA1A044-A685-40F6-B185-CF1A50792BF7}.Debug|x86.Build.0 = Debug|Any CPU
		{4FA1A044-A685-40F6-B185-CF1A50792BF7}.Release|Any CPU.ActiveCfg = Release|Any CPU
		{4FA1A044-A685-40F6-B185-CF1A50792BF7}.Release|Any CPU.Build.0 = Release|Any CPU
		{4FA1A044-A685-40F6-B185-CF1A50792BF7}.Release|x64.ActiveCfg = Release|Any CPU
		{4FA1A044-A685-40F6-B185-CF1A50792BF7}.Release|x64.Build.0 = Release|Any CPU
		{4FA1A044-A685-40F6-B185-CF1A50792BF7}.Release|x86.ActiveCfg = Release|Any CPU
		{4FA1A044-A685-40F6-B185-CF1A50792BF7}.Release|x86.Build.0 = Release|Any CPU
		{99F3B8A0-8D3D-41D9-BDDE-97E774F9D8E5}.Debug|Any CPU.ActiveCfg = Debug|Any CPU
		{99F3B8A0-8D3D-41D9-BDDE-97E774F9D8E5}.Debug|Any CPU.Build.0 = Debug|Any CPU
		{99F3B8A0-8D3D-41D9-BDDE-97E774F9D8E5}.Debug|x64.ActiveCfg = Debug|Any CPU
		{99F3B8A0-8D3D-41D9-BDDE-97E774F9D8E5}.Debug|x64.Build.0 = Debug|Any CPU
		{99F3B8A0-8D3D-41D9-BDDE-97E774F9D8E5}.Debug|x86.ActiveCfg = Debug|Any CPU
		{99F3B8A0-8D3D-41D9-BDDE-97E774F9D8E5}.Debug|x86.Build.0 = Debug|Any CPU
		{99F3B8A0-8D3D-41D9-BDDE-97E774F9D8E5}.Release|Any CPU.ActiveCfg = Release|Any CPU
		{99F3B8A0-8D3D-41D9-BDDE-97E774F9D8E5}.Release|Any CPU.Build.0 = Release|Any CPU
		{99F3B8A0-8D3D-41D9-BDDE-97E774F9D8E5}.Release|x64.ActiveCfg = Release|Any CPU
		{99F3B8A0-8D3D-41D9-BDDE-97E774F9D8E5}.Release|x64.Build.0 = Release|Any CPU
		{99F3B8A0-8D3D-41D9-BDDE-97E774F9D8E5}.Release|x86.ActiveCfg = Release|Any CPU
		{99F3B8A0-8D3D-41D9-BDDE-97E774F9D8E5}.Release|x86.Build.0 = Release|Any CPU
		{EC69B822-D0F3-4028-BC29-9299A90241C9}.Debug|Any CPU.ActiveCfg = Debug|Any CPU
		{EC69B822-D0F3-4028-BC29-9299A90241C9}.Debug|Any CPU.Build.0 = Debug|Any CPU
		{EC69B822-D0F3-4028-BC29-9299A90241C9}.Debug|x64.ActiveCfg = Debug|Any CPU
		{EC69B822-D0F3-4028-BC29-9299A90241C9}.Debug|x64.Build.0 = Debug|Any CPU
		{EC69B822-D0F3-4028-BC29-9299A90241C9}.Debug|x86.ActiveCfg = Debug|Any CPU
		{EC69B822-D0F3-4028-BC29-9299A90241C9}.Debug|x86.Build.0 = Debug|Any CPU
		{EC69B822-D0F3-4028-BC29-9299A90241C9}.Release|Any CPU.ActiveCfg = Release|Any CPU
		{EC69B822-D0F3-4028-BC29-9299A90241C9}.Release|Any CPU.Build.0 = Release|Any CPU
		{EC69B822-D0F3-4028-BC29-9299A90241C9}.Release|x64.ActiveCfg = Release|Any CPU
		{EC69B822-D0F3-4028-BC29-9299A90241C9}.Release|x64.Build.0 = Release|Any CPU
		{EC69B822-D0F3-4028-BC29-9299A90241C9}.Release|x86.ActiveCfg = Release|Any CPU
		{EC69B822-D0F3-4028-BC29-9299A90241C9}.Release|x86.Build.0 = Release|Any CPU
	EndGlobalSection
	GlobalSection(SolutionProperties) = preSolution
		HideSolutionNode = FALSE
	EndGlobalSection
	GlobalSection(NestedProjects) = preSolution
		{4186565E-0BEC-47DC-A613-5E1560CF9E86} = {0AB3BF05-4346-4AA6-1389-037BE0695223}
		{D9802DE0-2623-43C3-AD21-E7977DE91A9A} = {827E0CD3-B72D-47B6-A68D-7590B98EB39B}
		{A620C1A4-A45D-4BF4-A63F-CC56A349BAAD} = {827E0CD3-B72D-47B6-A68D-7590B98EB39B}
		{BA612491-96EC-4996-8932-3DFD332C8E5B} = {827E0CD3-B72D-47B6-A68D-7590B98EB39B}
		{F1FCBFB8-9DA6-478A-BF86-FA32B34D5723} = {827E0CD3-B72D-47B6-A68D-7590B98EB39B}
		{F180E77E-E4B2-48B6-ABB8-404585E729F8} = {827E0CD3-B72D-47B6-A68D-7590B98EB39B}
		{53A8EA62-2FC8-4276-80C1-F3AF1FCD6D5D} = {827E0CD3-B72D-47B6-A68D-7590B98EB39B}
		{AF6729ED-65E3-4E92-BCDD-99957228553D} = {827E0CD3-B72D-47B6-A68D-7590B98EB39B}
		{F98D94F2-DDEA-458A-B273-7D9B69E464DD} = {827E0CD3-B72D-47B6-A68D-7590B98EB39B}
		{1086515C-3139-46F5-9AD8-CF31B608F3F3} = {827E0CD3-B72D-47B6-A68D-7590B98EB39B}
		{C4E269D2-5B80-49A7-9A92-870022E16D3C} = {827E0CD3-B72D-47B6-A68D-7590B98EB39B}
		{F1EEBD8C-6D28-455F-BAA0-B14A117BD680} = {827E0CD3-B72D-47B6-A68D-7590B98EB39B}
		{F40E14B6-4999-4F6E-AAC8-F11AFD67F4FF} = {827E0CD3-B72D-47B6-A68D-7590B98EB39B}
		{7630BF2F-C309-417F-ACDA-A5FE682677FB} = {827E0CD3-B72D-47B6-A68D-7590B98EB39B}
		{579A0EA0-DF40-4A18-8FC0-2EB31E5AC5C2} = {0AB3BF05-4346-4AA6-1389-037BE0695223}
		{7B1D7ADA-2AFC-403D-B814-B7F7D131EA0C} = {0AB3BF05-4346-4AA6-1389-037BE0695223}
		{852FDF0F-EAE9-4EFB-AD1B-991EC4E28148} = {0AB3BF05-4346-4AA6-1389-037BE0695223}
		{4FA1A044-A685-40F6-B185-CF1A50792BF7} = {0AB3BF05-4346-4AA6-1389-037BE0695223}
		{99F3B8A0-8D3D-41D9-BDDE-97E774F9D8E5} = {0AB3BF05-4346-4AA6-1389-037BE0695223}
		{EC69B822-D0F3-4028-BC29-9299A90241C9} = {0AB3BF05-4346-4AA6-1389-037BE0695223}
	EndGlobalSection
EndGlobal
